
Microsoft Visual Studio Solution File, Format Version 12.00
# Visual Studio Version 16
VisualStudioVersion = 16.0.30002.166
MinimumVisualStudioVersion = 10.0.40219.1
Project("{9A19103F-16F7-4668-BE54-9A1E7A4F7556}") = "Demo.Service", "Demo.Service\Demo.Service.csproj", "{77F8B385-7949-4490-ACBF-43E7A028B013}"
EndProject
Project("{9A19103F-16F7-4668-BE54-9A1E7A4F7556}") = "Demo.UserApi", "Demo.Client\Demo.UserApi.csproj", "{F94346CD-3046-4EC0-9686-2A419B1ECEA1}"
EndProject
Project("{9A19103F-16F7-4668-BE54-9A1E7A4F7556}") = "DiuDiu.Client", "DiuDiu.Client\DiuDiu.Client.csproj", "{733E6958-632F-40CA-9412-6E43B2882B52}"
EndProject
Project("{9A19103F-16F7-4668-BE54-9A1E7A4F7556}") = "DiuDiu.Service", "DiuDiu.Service\DiuDiu.Service.csproj", "{009BF3CC-CF46-4532-B98F-CD93ACE16A68}"
EndProject
Project("{FAE04EC0-301F-11D3-BF4B-00C04F79EFBC}") = "Demo.OrderApi", "Demo.OrderClient\Demo.OrderApi.csproj", "{7CECC888-92C2-4C20-9D6B-599B960527C3}"
EndProject
Project("{E53339B2-1760-4266-BCC7-CA923CBCF16C}") = "docker-compose", "docker-compose.dcproj", "{8A69B762-F655-4CB5-9E23-85A398D97BDE}"
EndProject
Global
	GlobalSection(SolutionConfigurationPlatforms) = preSolution
		Debug|Any CPU = Debug|Any CPU
		Release|Any CPU = Release|Any CPU
	EndGlobalSection
	GlobalSection(ProjectConfigurationPlatforms) = postSolution
		{77F8B385-7949-4490-ACBF-43E7A028B013}.Debug|Any CPU.ActiveCfg = Debug|Any CPU
		{77F8B385-7949-4490-ACBF-43E7A028B013}.Debug|Any CPU.Build.0 = Debug|Any CPU
		{77F8B385-7949-4490-ACBF-43E7A028B013}.Release|Any CPU.ActiveCfg = Release|Any CPU
		{77F8B385-7949-4490-ACBF-43E7A028B013}.Release|Any CPU.Build.0 = Release|Any CPU
		{F94346CD-3046-4EC0-9686-2A419B1ECEA1}.Debug|Any CPU.ActiveCfg = Debug|Any CPU
		{F94346CD-3046-4EC0-9686-2A419B1ECEA1}.Debug|Any CPU.Build.0 = Debug|Any CPU
		{F94346CD-3046-4EC0-9686-2A419B1ECEA1}.Release|Any CPU.ActiveCfg = Release|Any CPU
		{F94346CD-3046-4EC0-9686-2A419B1ECEA1}.Release|Any CPU.Build.0 = Release|Any CPU
		{733E6958-632F-40CA-9412-6E43B2882B52}.Debug|Any CPU.ActiveCfg = Debug|Any CPU
		{733E6958-632F-40CA-9412-6E43B2882B52}.Debug|Any CPU.Build.0 = Debug|Any CPU
		{733E6958-632F-40CA-9412-6E43B2882B52}.Release|Any CPU.ActiveCfg = Release|Any CPU
		{733E6958-632F-40CA-9412-6E43B2882B52}.Release|Any CPU.Build.0 = Release|Any CPU
		{009BF3CC-CF46-4532-B98F-CD93ACE16A68}.Debug|Any CPU.ActiveCfg = Debug|Any CPU
		{009BF3CC-CF46-4532-B98F-CD93ACE16A68}.Debug|Any CPU.Build.0 = Debug|Any CPU
		{009BF3CC-CF46-4532-B98F-CD93ACE16A68}.Release|Any CPU.ActiveCfg = Release|Any CPU
		{009BF3CC-CF46-4532-B98F-CD93ACE16A68}.Release|Any CPU.Build.0 = Release|Any CPU
		{7CECC888-92C2-4C20-9D6B-599B960527C3}.Debug|Any CPU.ActiveCfg = Debug|Any CPU
		{7CECC888-92C2-4C20-9D6B-599B960527C3}.Debug|Any CPU.Build.0 = Debug|Any CPU
		{7CECC888-92C2-4C20-9D6B-599B960527C3}.Release|Any CPU.ActiveCfg = Release|Any CPU
		{7CECC888-92C2-4C20-9D6B-599B960527C3}.Release|Any CPU.Build.0 = Release|Any CPU
		{8A69B762-F655-4CB5-9E23-85A398D97BDE}.Debug|Any CPU.ActiveCfg = Debug|Any CPU
		{8A69B762-F655-4CB5-9E23-85A398D97BDE}.Debug|Any CPU.Build.0 = Debug|Any CPU
		{8A69B762-F655-4CB5-9E23-85A398D97BDE}.Release|Any CPU.ActiveCfg = Release|Any CPU
		{8A69B762-F655-4CB5-9E23-85A398D97BDE}.Release|Any CPU.Build.0 = Release|Any CPU
	EndGlobalSection
	GlobalSection(SolutionProperties) = preSolution
		HideSolutionNode = FALSE
	EndGlobalSection
	GlobalSection(ExtensibilityGlobals) = postSolution
		SolutionGuid = {646190FC-E9C0-4063-99C3-7BF5645EA8F2}
	EndGlobalSection
EndGlobal
